
Microsoft Visual Studio Solution File, Format Version 12.00
# Visual Studio Version 17
VisualStudioVersion = 17.9.34728.123
MinimumVisualStudioVersion = 10.0.40219.1
Project("{FAE04EC0-301F-11D3-BF4B-00C04F79EFBC}") = "Lab8Bai1", "Lab8Bai1\Lab8Bai1.csproj", "{08D8A352-A98F-4094-9FF7-42945CC162A5}"
EndProject
Project("{FAE04EC0-301F-11D3-BF4B-00C04F79EFBC}") = "Lab8Bai2", "Lab8Bai2\Lab8Bai2.csproj", "{8D42FBDA-5062-4D98-90A3-88C251CBF776}"
EndProject
Global
	GlobalSection(SolutionConfigurationPlatforms) = preSolution
		Debug|Any CPU = Debug|Any CPU
		Release|Any CPU = Release|Any CPU
	EndGlobalSection
	GlobalSection(ProjectConfigurationPlatforms) = postSolution
		{08D8A352-A98F-4094-9FF7-42945CC162A5}.Debug|Any CPU.ActiveCfg = Debug|Any CPU
		{08D8A352-A98F-4094-9FF7-42945CC162A5}.Debug|Any CPU.Build.0 = Debug|Any CPU
		{08D8A352-A98F-4094-9FF7-42945CC162A5}.Release|Any CPU.ActiveCfg = Release|Any CPU
		{08D8A352-A98F-4094-9FF7-42945CC162A5}.Release|Any CPU.Build.0 = Release|Any CPU
		{8D42FBDA-5062-4D98-90A3-88C251CBF776}.Debug|Any CPU.ActiveCfg = Debug|Any CPU
		{8D42FBDA-5062-4D98-90A3-88C251CBF776}.Debug|Any CPU.Build.0 = Debug|Any CPU
		{8D42FBDA-5062-4D98-90A3-88C251CBF776}.Release|Any CPU.ActiveCfg = Release|Any CPU
		{8D42FBDA-5062-4D98-90A3-88C251CBF776}.Release|Any CPU.Build.0 = Release|Any CPU
	EndGlobalSection
	GlobalSection(SolutionProperties) = preSolution
		HideSolutionNode = FALSE
	EndGlobalSection
	GlobalSection(ExtensibilityGlobals) = postSolution
		SolutionGuid = {F25A6CCF-EAD9-4CA6-9D2D-218F632ECA20}
	EndGlobalSection
EndGlobal
